
Microsoft Visual Studio Solution File, Format Version 12.00
# Visual Studio 15
VisualStudioVersion = 15.0.28307.421
MinimumVisualStudioVersion = 10.0.40219.1
Project("{FAE04EC0-301F-11D3-BF4B-00C04F79EFBC}") = "LoginWeb", "LoginWeb\LoginWeb.csproj", "{EF79051C-9256-4525-8B8E-F5C1E96CD95F}"
EndProject
Global
	GlobalSection(SolutionConfigurationPlatforms) = preSolution
		Debug|Any CPU = Debug|Any CPU
		Release|Any CPU = Release|Any CPU
	EndGlobalSection
	GlobalSection(ProjectConfigurationPlatforms) = postSolution
		{EF79051C-9256-4525-8B8E-F5C1E96CD95F}.Debug|Any CPU.ActiveCfg = Debug|Any CPU
		{EF79051C-9256-4525-8B8E-F5C1E96CD95F}.Debug|Any CPU.Build.0 = Debug|Any CPU
		{EF79051C-9256-4525-8B8E-F5C1E96CD95F}.Release|Any CPU.ActiveCfg = Release|Any CPU
		{EF79051C-9256-4525-8B8E-F5C1E96CD95F}.Release|Any CPU.Build.0 = Release|Any CPU
	EndGlobalSection
	GlobalSection(SolutionProperties) = preSolution
		HideSolutionNode = FALSE
	EndGlobalSection
	GlobalSection(ExtensibilityGlobals) = postSolution
		SolutionGuid = {173CFAC0-0A27-4AAD-907A-FFEFCB19D024}
	EndGlobalSection
EndGlobal
