
Microsoft Visual Studio Solution File, Format Version 12.00
# Visual Studio 15
VisualStudioVersion = 15.0.28307.329
MinimumVisualStudioVersion = 10.0.40219.1
Project("{FAE04EC0-301F-11D3-BF4B-00C04F79EFBC}") = "login web", "loginNNN\login web.csproj", "{DAB0D08D-16B7-4FF1-B083-0B5A124D6ECA}"
EndProject
Global
	GlobalSection(SolutionConfigurationPlatforms) = preSolution
		Debug|Any CPU = Debug|Any CPU
		Release|Any CPU = Release|Any CPU
	EndGlobalSection
	GlobalSection(ProjectConfigurationPlatforms) = postSolution
		{DAB0D08D-16B7-4FF1-B083-0B5A124D6ECA}.Debug|Any CPU.ActiveCfg = Debug|Any CPU
		{DAB0D08D-16B7-4FF1-B083-0B5A124D6ECA}.Debug|Any CPU.Build.0 = Debug|Any CPU
		{DAB0D08D-16B7-4FF1-B083-0B5A124D6ECA}.Release|Any CPU.ActiveCfg = Release|Any CPU
		{DAB0D08D-16B7-4FF1-B083-0B5A124D6ECA}.Release|Any CPU.Build.0 = Release|Any CPU
	EndGlobalSection
	GlobalSection(SolutionProperties) = preSolution
		HideSolutionNode = FALSE
	EndGlobalSection
	GlobalSection(ExtensibilityGlobals) = postSolution
		SolutionGuid = {CD993BF4-C408-41A9-9103-A63E7D4FFA55}
	EndGlobalSection
EndGlobal
