
Microsoft Visual Studio Solution File, Format Version 12.00
# Visual Studio 15
VisualStudioVersion = 15.0.28307.421
MinimumVisualStudioVersion = 10.0.40219.1
Project("{FAE04EC0-301F-11D3-BF4B-00C04F79EFBC}") = "Admin - Edit Delete food", "Admin - Edit Delete food\Admin - Edit Delete food.csproj", "{C90DDCA9-7348-4205-84B8-FAF1A8C5F6DC}"
EndProject
Global
	GlobalSection(SolutionConfigurationPlatforms) = preSolution
		Debug|Any CPU = Debug|Any CPU
		Release|Any CPU = Release|Any CPU
	EndGlobalSection
	GlobalSection(ProjectConfigurationPlatforms) = postSolution
		{C90DDCA9-7348-4205-84B8-FAF1A8C5F6DC}.Debug|Any CPU.ActiveCfg = Debug|Any CPU
		{C90DDCA9-7348-4205-84B8-FAF1A8C5F6DC}.Debug|Any CPU.Build.0 = Debug|Any CPU
		{C90DDCA9-7348-4205-84B8-FAF1A8C5F6DC}.Release|Any CPU.ActiveCfg = Release|Any CPU
		{C90DDCA9-7348-4205-84B8-FAF1A8C5F6DC}.Release|Any CPU.Build.0 = Release|Any CPU
	EndGlobalSection
	GlobalSection(SolutionProperties) = preSolution
		HideSolutionNode = FALSE
	EndGlobalSection
	GlobalSection(ExtensibilityGlobals) = postSolution
		SolutionGuid = {75B695DF-6453-4064-9ED5-6E8F389152A3}
	EndGlobalSection
EndGlobal
