
Microsoft Visual Studio Solution File, Format Version 12.00
# Visual Studio 15
VisualStudioVersion = 15.0.28307.421
MinimumVisualStudioVersion = 10.0.40219.1
Project("{FAE04EC0-301F-11D3-BF4B-00C04F79EFBC}") = "CanteenWebApplication", "CanteenWebApplication\CanteenWebApplication.csproj", "{68A366B8-1E7A-4A45-B298-D20E3BA5C182}"
EndProject
Global
	GlobalSection(SolutionConfigurationPlatforms) = preSolution
		Debug|Any CPU = Debug|Any CPU
		Release|Any CPU = Release|Any CPU
	EndGlobalSection
	GlobalSection(ProjectConfigurationPlatforms) = postSolution
		{68A366B8-1E7A-4A45-B298-D20E3BA5C182}.Debug|Any CPU.ActiveCfg = Debug|Any CPU
		{68A366B8-1E7A-4A45-B298-D20E3BA5C182}.Debug|Any CPU.Build.0 = Debug|Any CPU
		{68A366B8-1E7A-4A45-B298-D20E3BA5C182}.Release|Any CPU.ActiveCfg = Release|Any CPU
		{68A366B8-1E7A-4A45-B298-D20E3BA5C182}.Release|Any CPU.Build.0 = Release|Any CPU
	EndGlobalSection
	GlobalSection(SolutionProperties) = preSolution
		HideSolutionNode = FALSE
	EndGlobalSection
	GlobalSection(ExtensibilityGlobals) = postSolution
		SolutionGuid = {2B359EB3-738D-482B-B0CC-4D42DBC229F2}
	EndGlobalSection
EndGlobal
